
Microsoft Visual Studio Solution File, Format Version 12.00
# Visual Studio Version 16
VisualStudioVersion = 16.0.30114.105
MinimumVisualStudioVersion = 10.0.40219.1
Project("{2150E333-8FDC-42A3-9474-1A3956D46DE8}") = "src", "src", "{97850B9F-40EA-4844-9CCE-FB5940650A25}"
EndProject
Project("{FAE04EC0-301F-11D3-BF4B-00C04F79EFBC}") = "API", "src\API\API.csproj", "{D674EBC3-68A6-45CA-A954-E14CEA9841C6}"
EndProject
Project("{FAE04EC0-301F-11D3-BF4B-00C04F79EFBC}") = "Infrastructure", "src\Infrastructure\Infrastructure.csproj", "{0354C0B2-B9C5-4022-83E5-3B3122A23406}"
EndProject
Project("{FAE04EC0-301F-11D3-BF4B-00C04F79EFBC}") = "Application", "src\Application\Application.csproj", "{EA5429FD-63C7-42C4-A29C-9AD721EBC781}"
EndProject
Project("{FAE04EC0-301F-11D3-BF4B-00C04F79EFBC}") = "Domain", "src\Domain\Domain.csproj", "{66E6A8E2-CEDC-4A36-B333-BDE7ADD5F494}"
EndProject
Global
	GlobalSection(SolutionConfigurationPlatforms) = preSolution
		Debug|Any CPU = Debug|Any CPU
		Debug|x64 = Debug|x64
		Debug|x86 = Debug|x86
		Release|Any CPU = Release|Any CPU
		Release|x64 = Release|x64
		Release|x86 = Release|x86
	EndGlobalSection
	GlobalSection(SolutionProperties) = preSolution
		HideSolutionNode = FALSE
	EndGlobalSection
	GlobalSection(ProjectConfigurationPlatforms) = postSolution
		{B1A0D645-4168-4A43-9CD2-19031ED7E428}.Debug|Any CPU.ActiveCfg = Debug|Any CPU
		{B1A0D645-4168-4A43-9CD2-19031ED7E428}.Debug|Any CPU.Build.0 = Debug|Any CPU
		{B1A0D645-4168-4A43-9CD2-19031ED7E428}.Debug|x64.ActiveCfg = Debug|Any CPU
		{B1A0D645-4168-4A43-9CD2-19031ED7E428}.Debug|x64.Build.0 = Debug|Any CPU
		{B1A0D645-4168-4A43-9CD2-19031ED7E428}.Debug|x86.ActiveCfg = Debug|Any CPU
		{B1A0D645-4168-4A43-9CD2-19031ED7E428}.Debug|x86.Build.0 = Debug|Any CPU
		{B1A0D645-4168-4A43-9CD2-19031ED7E428}.Release|Any CPU.ActiveCfg = Release|Any CPU
		{B1A0D645-4168-4A43-9CD2-19031ED7E428}.Release|Any CPU.Build.0 = Release|Any CPU
		{B1A0D645-4168-4A43-9CD2-19031ED7E428}.Release|x64.ActiveCfg = Release|Any CPU
		{B1A0D645-4168-4A43-9CD2-19031ED7E428}.Release|x64.Build.0 = Release|Any CPU
		{B1A0D645-4168-4A43-9CD2-19031ED7E428}.Release|x86.ActiveCfg = Release|Any CPU
		{B1A0D645-4168-4A43-9CD2-19031ED7E428}.Release|x86.Build.0 = Release|Any CPU
		{0B9D1409-A631-44D5-ADBE-3A29AB8CAEEE}.Debug|Any CPU.ActiveCfg = Debug|Any CPU
		{0B9D1409-A631-44D5-ADBE-3A29AB8CAEEE}.Debug|Any CPU.Build.0 = Debug|Any CPU
		{0B9D1409-A631-44D5-ADBE-3A29AB8CAEEE}.Debug|x64.ActiveCfg = Debug|Any CPU
		{0B9D1409-A631-44D5-ADBE-3A29AB8CAEEE}.Debug|x64.Build.0 = Debug|Any CPU
		{0B9D1409-A631-44D5-ADBE-3A29AB8CAEEE}.Debug|x86.ActiveCfg = Debug|Any CPU
		{0B9D1409-A631-44D5-ADBE-3A29AB8CAEEE}.Debug|x86.Build.0 = Debug|Any CPU
		{0B9D1409-A631-44D5-ADBE-3A29AB8CAEEE}.Release|Any CPU.ActiveCfg = Release|Any CPU
		{0B9D1409-A631-44D5-ADBE-3A29AB8CAEEE}.Release|Any CPU.Build.0 = Release|Any CPU
		{0B9D1409-A631-44D5-ADBE-3A29AB8CAEEE}.Release|x64.ActiveCfg = Release|Any CPU
		{0B9D1409-A631-44D5-ADBE-3A29AB8CAEEE}.Release|x64.Build.0 = Release|Any CPU
		{0B9D1409-A631-44D5-ADBE-3A29AB8CAEEE}.Release|x86.ActiveCfg = Release|Any CPU
		{0B9D1409-A631-44D5-ADBE-3A29AB8CAEEE}.Release|x86.Build.0 = Release|Any CPU
		{C93D1B00-E345-4FDA-A71E-C6EC09BBABA5}.Debug|Any CPU.ActiveCfg = Debug|Any CPU
		{C93D1B00-E345-4FDA-A71E-C6EC09BBABA5}.Debug|Any CPU.Build.0 = Debug|Any CPU
		{C93D1B00-E345-4FDA-A71E-C6EC09BBABA5}.Debug|x64.ActiveCfg = Debug|Any CPU
		{C93D1B00-E345-4FDA-A71E-C6EC09BBABA5}.Debug|x64.Build.0 = Debug|Any CPU
		{C93D1B00-E345-4FDA-A71E-C6EC09BBABA5}.Debug|x86.ActiveCfg = Debug|Any CPU
		{C93D1B00-E345-4FDA-A71E-C6EC09BBABA5}.Debug|x86.Build.0 = Debug|Any CPU
		{C93D1B00-E345-4FDA-A71E-C6EC09BBABA5}.Release|Any CPU.ActiveCfg = Release|Any CPU
		{C93D1B00-E345-4FDA-A71E-C6EC09BBABA5}.Release|Any CPU.Build.0 = Release|Any CPU
		{C93D1B00-E345-4FDA-A71E-C6EC09BBABA5}.Release|x64.ActiveCfg = Release|Any CPU
		{C93D1B00-E345-4FDA-A71E-C6EC09BBABA5}.Release|x64.Build.0 = Release|Any CPU
		{C93D1B00-E345-4FDA-A71E-C6EC09BBABA5}.Release|x86.ActiveCfg = Release|Any CPU
		{C93D1B00-E345-4FDA-A71E-C6EC09BBABA5}.Release|x86.Build.0 = Release|Any CPU
		{6F5971C0-97DF-4E0E-9DF2-D01FE2B416CF}.Debug|Any CPU.ActiveCfg = Debug|Any CPU
		{6F5971C0-97DF-4E0E-9DF2-D01FE2B416CF}.Debug|Any CPU.Build.0 = Debug|Any CPU
		{6F5971C0-97DF-4E0E-9DF2-D01FE2B416CF}.Debug|x64.ActiveCfg = Debug|Any CPU
		{6F5971C0-97DF-4E0E-9DF2-D01FE2B416CF}.Debug|x64.Build.0 = Debug|Any CPU
		{6F5971C0-97DF-4E0E-9DF2-D01FE2B416CF}.Debug|x86.ActiveCfg = Debug|Any CPU
		{6F5971C0-97DF-4E0E-9DF2-D01FE2B416CF}.Debug|x86.Build.0 = Debug|Any CPU
		{6F5971C0-97DF-4E0E-9DF2-D01FE2B416CF}.Release|Any CPU.ActiveCfg = Release|Any CPU
		{6F5971C0-97DF-4E0E-9DF2-D01FE2B416CF}.Release|Any CPU.Build.0 = Release|Any CPU
		{6F5971C0-97DF-4E0E-9DF2-D01FE2B416CF}.Release|x64.ActiveCfg = Release|Any CPU
		{6F5971C0-97DF-4E0E-9DF2-D01FE2B416CF}.Release|x64.Build.0 = Release|Any CPU
		{6F5971C0-97DF-4E0E-9DF2-D01FE2B416CF}.Release|x86.ActiveCfg = Release|Any CPU
		{6F5971C0-97DF-4E0E-9DF2-D01FE2B416CF}.Release|x86.Build.0 = Release|Any CPU
		{D674EBC3-68A6-45CA-A954-E14CEA9841C6}.Debug|Any CPU.ActiveCfg = Debug|Any CPU
		{D674EBC3-68A6-45CA-A954-E14CEA9841C6}.Debug|Any CPU.Build.0 = Debug|Any CPU
		{D674EBC3-68A6-45CA-A954-E14CEA9841C6}.Debug|x64.ActiveCfg = Debug|Any CPU
		{D674EBC3-68A6-45CA-A954-E14CEA9841C6}.Debug|x64.Build.0 = Debug|Any CPU
		{D674EBC3-68A6-45CA-A954-E14CEA9841C6}.Debug|x86.ActiveCfg = Debug|Any CPU
		{D674EBC3-68A6-45CA-A954-E14CEA9841C6}.Debug|x86.Build.0 = Debug|Any CPU
		{D674EBC3-68A6-45CA-A954-E14CEA9841C6}.Release|Any CPU.ActiveCfg = Release|Any CPU
		{D674EBC3-68A6-45CA-A954-E14CEA9841C6}.Release|Any CPU.Build.0 = Release|Any CPU
		{D674EBC3-68A6-45CA-A954-E14CEA9841C6}.Release|x64.ActiveCfg = Release|Any CPU
		{D674EBC3-68A6-45CA-A954-E14CEA9841C6}.Release|x64.Build.0 = Release|Any CPU
		{D674EBC3-68A6-45CA-A954-E14CEA9841C6}.Release|x86.ActiveCfg = Release|Any CPU
		{D674EBC3-68A6-45CA-A954-E14CEA9841C6}.Release|x86.Build.0 = Release|Any CPU
		{0354C0B2-B9C5-4022-83E5-3B3122A23406}.Debug|Any CPU.ActiveCfg = Debug|Any CPU
		{0354C0B2-B9C5-4022-83E5-3B3122A23406}.Debug|Any CPU.Build.0 = Debug|Any CPU
		{0354C0B2-B9C5-4022-83E5-3B3122A23406}.Debug|x64.ActiveCfg = Debug|Any CPU
		{0354C0B2-B9C5-4022-83E5-3B3122A23406}.Debug|x64.Build.0 = Debug|Any CPU
		{0354C0B2-B9C5-4022-83E5-3B3122A23406}.Debug|x86.ActiveCfg = Debug|Any CPU
		{0354C0B2-B9C5-4022-83E5-3B3122A23406}.Debug|x86.Build.0 = Debug|Any CPU
		{0354C0B2-B9C5-4022-83E5-3B3122A23406}.Release|Any CPU.ActiveCfg = Release|Any CPU
		{0354C0B2-B9C5-4022-83E5-3B3122A23406}.Release|Any CPU.Build.0 = Release|Any CPU
		{0354C0B2-B9C5-4022-83E5-3B3122A23406}.Release|x64.ActiveCfg = Release|Any CPU
		{0354C0B2-B9C5-4022-83E5-3B3122A23406}.Release|x64.Build.0 = Release|Any CPU
		{0354C0B2-B9C5-4022-83E5-3B3122A23406}.Release|x86.ActiveCfg = Release|Any CPU
		{0354C0B2-B9C5-4022-83E5-3B3122A23406}.Release|x86.Build.0 = Release|Any CPU
		{EA5429FD-63C7-42C4-A29C-9AD721EBC781}.Debug|Any CPU.ActiveCfg = Debug|Any CPU
		{EA5429FD-63C7-42C4-A29C-9AD721EBC781}.Debug|Any CPU.Build.0 = Debug|Any CPU
		{EA5429FD-63C7-42C4-A29C-9AD721EBC781}.Debug|x64.ActiveCfg = Debug|Any CPU
		{EA5429FD-63C7-42C4-A29C-9AD721EBC781}.Debug|x64.Build.0 = Debug|Any CPU
		{EA5429FD-63C7-42C4-A29C-9AD721EBC781}.Debug|x86.ActiveCfg = Debug|Any CPU
		{EA5429FD-63C7-42C4-A29C-9AD721EBC781}.Debug|x86.Build.0 = Debug|Any CPU
		{EA5429FD-63C7-42C4-A29C-9AD721EBC781}.Release|Any CPU.ActiveCfg = Release|Any CPU
		{EA5429FD-63C7-42C4-A29C-9AD721EBC781}.Release|Any CPU.Build.0 = Release|Any CPU
		{EA5429FD-63C7-42C4-A29C-9AD721EBC781}.Release|x64.ActiveCfg = Release|Any CPU
		{EA5429FD-63C7-42C4-A29C-9AD721EBC781}.Release|x64.Build.0 = Release|Any CPU
		{EA5429FD-63C7-42C4-A29C-9AD721EBC781}.Release|x86.ActiveCfg = Release|Any CPU
		{EA5429FD-63C7-42C4-A29C-9AD721EBC781}.Release|x86.Build.0 = Release|Any CPU
		{66E6A8E2-CEDC-4A36-B333-BDE7ADD5F494}.Debug|Any CPU.ActiveCfg = Debug|Any CPU
		{66E6A8E2-CEDC-4A36-B333-BDE7ADD5F494}.Debug|Any CPU.Build.0 = Debug|Any CPU
		{66E6A8E2-CEDC-4A36-B333-BDE7ADD5F494}.Debug|x64.ActiveCfg = Debug|Any CPU
		{66E6A8E2-CEDC-4A36-B333-BDE7ADD5F494}.Debug|x64.Build.0 = Debug|Any CPU
		{66E6A8E2-CEDC-4A36-B333-BDE7ADD5F494}.Debug|x86.ActiveCfg = Debug|Any CPU
		{66E6A8E2-CEDC-4A36-B333-BDE7ADD5F494}.Debug|x86.Build.0 = Debug|Any CPU
		{66E6A8E2-CEDC-4A36-B333-BDE7ADD5F494}.Release|Any CPU.ActiveCfg = Release|Any CPU
		{66E6A8E2-CEDC-4A36-B333-BDE7ADD5F494}.Release|Any CPU.Build.0 = Release|Any CPU
		{66E6A8E2-CEDC-4A36-B333-BDE7ADD5F494}.Release|x64.ActiveCfg = Release|Any CPU
		{66E6A8E2-CEDC-4A36-B333-BDE7ADD5F494}.Release|x64.Build.0 = Release|Any CPU
		{66E6A8E2-CEDC-4A36-B333-BDE7ADD5F494}.Release|x86.ActiveCfg = Release|Any CPU
		{66E6A8E2-CEDC-4A36-B333-BDE7ADD5F494}.Release|x86.Build.0 = Release|Any CPU
	EndGlobalSection
	GlobalSection(NestedProjects) = preSolution
		{D674EBC3-68A6-45CA-A954-E14CEA9841C6} = {97850B9F-40EA-4844-9CCE-FB5940650A25}
		{0354C0B2-B9C5-4022-83E5-3B3122A23406} = {97850B9F-40EA-4844-9CCE-FB5940650A25}
		{EA5429FD-63C7-42C4-A29C-9AD721EBC781} = {97850B9F-40EA-4844-9CCE-FB5940650A25}
		{66E6A8E2-CEDC-4A36-B333-BDE7ADD5F494} = {97850B9F-40EA-4844-9CCE-FB5940650A25}
	EndGlobalSection
EndGlobal
